
Microsoft Visual Studio Solution File, Format Version 12.00
# Visual Studio 14
VisualStudioVersion = 14.0.25420.1
MinimumVisualStudioVersion = 10.0.40219.1
Project("{F2A71F9B-5D33-465A-A702-920D77279786}") = "Tweek.JPad.Tests", "Tweek.JPad.Tests\Tweek.JPad.Tests.fsproj", "{6CD45513-4483-4E66-A589-1029AB20C992}"
EndProject
Project("{F2A71F9B-5D33-465A-A702-920D77279786}") = "Tweek.JPad", "Tweek.JPad\Tweek.JPad.fsproj", "{6CECD481-5EBB-4EF7-95D0-CEE6B7820B02}"
EndProject
Global
	GlobalSection(SolutionConfigurationPlatforms) = preSolution
		Debug|Any CPU = Debug|Any CPU
		Release|Any CPU = Release|Any CPU
	EndGlobalSection
	GlobalSection(ProjectConfigurationPlatforms) = postSolution
		{6CD45513-4483-4E66-A589-1029AB20C992}.Debug|Any CPU.ActiveCfg = Debug|Any CPU
		{6CD45513-4483-4E66-A589-1029AB20C992}.Debug|Any CPU.Build.0 = Debug|Any CPU
		{6CD45513-4483-4E66-A589-1029AB20C992}.Release|Any CPU.ActiveCfg = Release|Any CPU
		{6CD45513-4483-4E66-A589-1029AB20C992}.Release|Any CPU.Build.0 = Release|Any CPU
		{6CECD481-5EBB-4EF7-95D0-CEE6B7820B02}.Debug|Any CPU.ActiveCfg = Debug|Any CPU
		{6CECD481-5EBB-4EF7-95D0-CEE6B7820B02}.Debug|Any CPU.Build.0 = Debug|Any CPU
		{6CECD481-5EBB-4EF7-95D0-CEE6B7820B02}.Release|Any CPU.ActiveCfg = Release|Any CPU
		{6CECD481-5EBB-4EF7-95D0-CEE6B7820B02}.Release|Any CPU.Build.0 = Release|Any CPU
	EndGlobalSection
	GlobalSection(SolutionProperties) = preSolution
		HideSolutionNode = FALSE
	EndGlobalSection
EndGlobal
